// !$*UTF8*$!
{
	archiveVersion = 1;
	classes = {
	};
	objectVersion = 56;
	objects = {

/* Begin PBXBuildFile section */
		3A3A224C2C858E5F007F6D83 /* TaskEditorApp.swift in Sources */ = {isa = PBXBuildFile; fileRef = 3A3A224B2C858E5F007F6D83 /* TaskEditorApp.swift */; };
		3A3A22502C858E62007F6D83 /* Assets.xcassets in Resources */ = {isa = PBXBuildFile; fileRef = 3A3A224F2C858E62007F6D83 /* Assets.xcassets */; };
		3A3A22532C858E62007F6D83 /* Preview Assets.xcassets in Resources */ = {isa = PBXBuildFile; fileRef = 3A3A22522C858E62007F6D83 /* Preview Assets.xcassets */; };
		3A3A22622C858F7C007F6D83 /* GoogleService-Info.plist in Resources */ = {isa = PBXBuildFile; fileRef = 3A3A22612C858F7C007F6D83 /* GoogleService-Info.plist */; };
		3A3A226F2C858FC4007F6D83 /* FirebaseAuth in Frameworks */ = {isa = PBXBuildFile; productRef = 3A3A226E2C858FC4007F6D83 /* FirebaseAuth */; };
		3A3A22752C858FC4007F6D83 /* FirebaseDatabase in Frameworks */ = {isa = PBXBuildFile; productRef = 3A3A22742C858FC4007F6D83 /* FirebaseDatabase */; };
		3A3A22792C858FC4007F6D83 /* FirebaseFirestore in Frameworks */ = {isa = PBXBuildFile; productRef = 3A3A22782C858FC4007F6D83 /* FirebaseFirestore */; };
		3A3A22942C858FF9007F6D83 /* AppDelegate.swift in Sources */ = {isa = PBXBuildFile; fileRef = 3A3A22932C858FF9007F6D83 /* AppDelegate.swift */; };
		3A3A22962C859033007F6D83 /* LaunchScreen.storyboard in Resources */ = {isa = PBXBuildFile; fileRef = 3A3A22952C859033007F6D83 /* LaunchScreen.storyboard */; };
		3A3A22A22C85B631007F6D83 /* ProfileViewModel.swift in Sources */ = {isa = PBXBuildFile; fileRef = 3A3A22A12C85B631007F6D83 /* ProfileViewModel.swift */; };
		3A3A22A42C85B63B007F6D83 /* SettingViewModel.swift in Sources */ = {isa = PBXBuildFile; fileRef = 3A3A22A32C85B63A007F6D83 /* SettingViewModel.swift */; };
		3A3A22A62C85B646007F6D83 /* TaskListViewModel.swift in Sources */ = {isa = PBXBuildFile; fileRef = 3A3A22A52C85B646007F6D83 /* TaskListViewModel.swift */; };
		3A3A22A82C85B658007F6D83 /* TaskListView.swift in Sources */ = {isa = PBXBuildFile; fileRef = 3A3A22A72C85B658007F6D83 /* TaskListView.swift */; };
		3A3A22AA2C85B669007F6D83 /* MainTabView.swift in Sources */ = {isa = PBXBuildFile; fileRef = 3A3A22A92C85B669007F6D83 /* MainTabView.swift */; };
		3A3A22AC2C85B6D0007F6D83 /* SettingView.swift in Sources */ = {isa = PBXBuildFile; fileRef = 3A3A22AB2C85B6D0007F6D83 /* SettingView.swift */; };
		3A3A22AE2C85B6D7007F6D83 /* ProfileView.swift in Sources */ = {isa = PBXBuildFile; fileRef = 3A3A22AD2C85B6D7007F6D83 /* ProfileView.swift */; };
		3A3A22B22C85B6E7007F6D83 /* HomeView.swift in Sources */ = {isa = PBXBuildFile; fileRef = 3A3A22B12C85B6E7007F6D83 /* HomeView.swift */; };
		3A3A22B62C8810FB007F6D83 /* VXColor.swift in Sources */ = {isa = PBXBuildFile; fileRef = 3A3A22B52C8810FB007F6D83 /* VXColor.swift */; };
		3A3A22B82C882401007F6D83 /* Encodable+Ext.swift in Sources */ = {isa = PBXBuildFile; fileRef = 3A3A22B72C882401007F6D83 /* Encodable+Ext.swift */; };
		3A3A22BF2C88310F007F6D83 /* User.swift in Sources */ = {isa = PBXBuildFile; fileRef = 3A3A22BE2C88310F007F6D83 /* User.swift */; };
		3A3A22C32C883130007F6D83 /* Task.swift in Sources */ = {isa = PBXBuildFile; fileRef = 3A3A22C22C883130007F6D83 /* Task.swift */; };
		3AC15CDE2C948A20004EBEBB /* AuthView.swift in Sources */ = {isa = PBXBuildFile; fileRef = 3AC15CDD2C948A20004EBEBB /* AuthView.swift */; };
		3AC15CE02C948A2B004EBEBB /* AuthViewModel.swift in Sources */ = {isa = PBXBuildFile; fileRef = 3AC15CDF2C948A2B004EBEBB /* AuthViewModel.swift */; };
		3AC15CE22C948B3D004EBEBB /* SignInView.swift in Sources */ = {isa = PBXBuildFile; fileRef = 3AC15CE12C948B3D004EBEBB /* SignInView.swift */; };
		3AC15CE42C948B4F004EBEBB /* SignUpView.swift in Sources */ = {isa = PBXBuildFile; fileRef = 3AC15CE32C948B4F004EBEBB /* SignUpView.swift */; };
		3AC15CE82C950CEF004EBEBB /* TaskDTO.swift in Sources */ = {isa = PBXBuildFile; fileRef = 3AC15CE72C950CEF004EBEBB /* TaskDTO.swift */; };
		3AC15CEA2C950DC6004EBEBB /* TaskRepository.swift in Sources */ = {isa = PBXBuildFile; fileRef = 3AC15CE92C950DC6004EBEBB /* TaskRepository.swift */; };
		3AC15CEF2C953112004EBEBB /* AuthService.swift in Sources */ = {isa = PBXBuildFile; fileRef = 3AC15CEE2C953112004EBEBB /* AuthService.swift */; };
		3AC15CF82C965161004EBEBB /* DragAndDropDelegate.swift in Sources */ = {isa = PBXBuildFile; fileRef = 3AC15CF72C965161004EBEBB /* DragAndDropDelegate.swift */; };
		3AC15CFA2C965ACD004EBEBB /* UserDTO.swift in Sources */ = {isa = PBXBuildFile; fileRef = 3AC15CF92C965ACD004EBEBB /* UserDTO.swift */; };
		3AC15CFC2C96F52D004EBEBB /* AuthRepository.swift in Sources */ = {isa = PBXBuildFile; fileRef = 3AC15CFB2C96F52D004EBEBB /* AuthRepository.swift */; };
		3AC6E7B22C8AE1DC00709B38 /* Mocks.swift in Sources */ = {isa = PBXBuildFile; fileRef = 3AC6E7B12C8AE1DC00709B38 /* Mocks.swift */; };
		3AC6E7C52C9047DC00709B38 /* LargeTextButton.swift in Sources */ = {isa = PBXBuildFile; fileRef = 3AC6E7C42C9047DC00709B38 /* LargeTextButton.swift */; };
		3AC6E7E02C9193F800709B38 /* TaskView.swift in Sources */ = {isa = PBXBuildFile; fileRef = 3AC6E7DF2C9193F800709B38 /* TaskView.swift */; };
		3AC6E7E22C91940400709B38 /* TaskViewModel.swift in Sources */ = {isa = PBXBuildFile; fileRef = 3AC6E7E12C91940400709B38 /* TaskViewModel.swift */; };
		3AC6E7E42C9196D600709B38 /* TaskType.swift in Sources */ = {isa = PBXBuildFile; fileRef = 3AC6E7E32C9196D600709B38 /* TaskType.swift */; };
		3AC6E7E82C94052800709B38 /* TaskCell.swift in Sources */ = {isa = PBXBuildFile; fileRef = 3AC6E7E72C94052800709B38 /* TaskCell.swift */; };
		3AC6E7EA2C94081B00709B38 /* TaskService.swift in Sources */ = {isa = PBXBuildFile; fileRef = 3AC6E7E92C94081B00709B38 /* TaskService.swift */; };
		3AC6E7ED2C94789400709B38 /* DIContainer.swift in Sources */ = {isa = PBXBuildFile; fileRef = 3AC6E7EC2C94789400709B38 /* DIContainer.swift */; };
		3AC6E7EF2C9478B700709B38 /* Services.swift in Sources */ = {isa = PBXBuildFile; fileRef = 3AC6E7EE2C9478B700709B38 /* Services.swift */; };
		3AC6E7F12C94792900709B38 /* VXImage.swift in Sources */ = {isa = PBXBuildFile; fileRef = 3AC6E7F02C94792900709B38 /* VXImage.swift */; };
		3AC6E7F42C947A8600709B38 /* MainTab.swift in Sources */ = {isa = PBXBuildFile; fileRef = 3AC6E7F32C947A8600709B38 /* MainTab.swift */; };
/* End PBXBuildFile section */

/* Begin PBXFileReference section */
		3A3A22482C858E5F007F6D83 /* TaskEditor.app */ = {isa = PBXFileReference; explicitFileType = wrapper.application; includeInIndex = 0; path = TaskEditor.app; sourceTree = BUILT_PRODUCTS_DIR; };
		3A3A224B2C858E5F007F6D83 /* TaskEditorApp.swift */ = {isa = PBXFileReference; lastKnownFileType = sourcecode.swift; path = TaskEditorApp.swift; sourceTree = "<group>"; };
		3A3A224F2C858E62007F6D83 /* Assets.xcassets */ = {isa = PBXFileReference; lastKnownFileType = folder.assetcatalog; path = Assets.xcassets; sourceTree = "<group>"; };
		3A3A22522C858E62007F6D83 /* Preview Assets.xcassets */ = {isa = PBXFileReference; lastKnownFileType = folder.assetcatalog; path = "Preview Assets.xcassets"; sourceTree = "<group>"; };
		3A3A225E2C858EEC007F6D83 /* README.md */ = {isa = PBXFileReference; lastKnownFileType = net.daringfireball.markdown; path = README.md; sourceTree = "<group>"; };
		3A3A22612C858F7C007F6D83 /* GoogleService-Info.plist */ = {isa = PBXFileReference; fileEncoding = 4; lastKnownFileType = text.plist.xml; path = "GoogleService-Info.plist"; sourceTree = "<group>"; };
		3A3A22932C858FF9007F6D83 /* AppDelegate.swift */ = {isa = PBXFileReference; lastKnownFileType = sourcecode.swift; name = AppDelegate.swift; path = "../New Group/AppDelegate.swift"; sourceTree = "<group>"; };
		3A3A22952C859033007F6D83 /* LaunchScreen.storyboard */ = {isa = PBXFileReference; lastKnownFileType = file.storyboard; path = LaunchScreen.storyboard; sourceTree = "<group>"; };
		3A3A22A12C85B631007F6D83 /* ProfileViewModel.swift */ = {isa = PBXFileReference; lastKnownFileType = sourcecode.swift; path = ProfileViewModel.swift; sourceTree = "<group>"; };
		3A3A22A32C85B63A007F6D83 /* SettingViewModel.swift */ = {isa = PBXFileReference; lastKnownFileType = sourcecode.swift; path = SettingViewModel.swift; sourceTree = "<group>"; };
		3A3A22A52C85B646007F6D83 /* TaskListViewModel.swift */ = {isa = PBXFileReference; lastKnownFileType = sourcecode.swift; path = TaskListViewModel.swift; sourceTree = "<group>"; };
		3A3A22A72C85B658007F6D83 /* TaskListView.swift */ = {isa = PBXFileReference; lastKnownFileType = sourcecode.swift; path = TaskListView.swift; sourceTree = "<group>"; };
		3A3A22A92C85B669007F6D83 /* MainTabView.swift */ = {isa = PBXFileReference; lastKnownFileType = sourcecode.swift; path = MainTabView.swift; sourceTree = "<group>"; };
		3A3A22AB2C85B6D0007F6D83 /* SettingView.swift */ = {isa = PBXFileReference; lastKnownFileType = sourcecode.swift; path = SettingView.swift; sourceTree = "<group>"; };
		3A3A22AD2C85B6D7007F6D83 /* ProfileView.swift */ = {isa = PBXFileReference; lastKnownFileType = sourcecode.swift; path = ProfileView.swift; sourceTree = "<group>"; };
		3A3A22B12C85B6E7007F6D83 /* HomeView.swift */ = {isa = PBXFileReference; lastKnownFileType = sourcecode.swift; path = HomeView.swift; sourceTree = "<group>"; };
		3A3A22B52C8810FB007F6D83 /* VXColor.swift */ = {isa = PBXFileReference; lastKnownFileType = sourcecode.swift; path = VXColor.swift; sourceTree = "<group>"; };
		3A3A22B72C882401007F6D83 /* Encodable+Ext.swift */ = {isa = PBXFileReference; lastKnownFileType = sourcecode.swift; path = "Encodable+Ext.swift"; sourceTree = "<group>"; };
		3A3A22BE2C88310F007F6D83 /* User.swift */ = {isa = PBXFileReference; lastKnownFileType = sourcecode.swift; path = User.swift; sourceTree = "<group>"; };
		3A3A22C22C883130007F6D83 /* Task.swift */ = {isa = PBXFileReference; lastKnownFileType = sourcecode.swift; path = Task.swift; sourceTree = "<group>"; };
		3AC15CDD2C948A20004EBEBB /* AuthView.swift */ = {isa = PBXFileReference; lastKnownFileType = sourcecode.swift; path = AuthView.swift; sourceTree = "<group>"; };
		3AC15CDF2C948A2B004EBEBB /* AuthViewModel.swift */ = {isa = PBXFileReference; lastKnownFileType = sourcecode.swift; path = AuthViewModel.swift; sourceTree = "<group>"; };
		3AC15CE12C948B3D004EBEBB /* SignInView.swift */ = {isa = PBXFileReference; lastKnownFileType = sourcecode.swift; path = SignInView.swift; sourceTree = "<group>"; };
		3AC15CE32C948B4F004EBEBB /* SignUpView.swift */ = {isa = PBXFileReference; lastKnownFileType = sourcecode.swift; path = SignUpView.swift; sourceTree = "<group>"; };
		3AC15CE72C950CEF004EBEBB /* TaskDTO.swift */ = {isa = PBXFileReference; lastKnownFileType = sourcecode.swift; path = TaskDTO.swift; sourceTree = "<group>"; };
		3AC15CE92C950DC6004EBEBB /* TaskRepository.swift */ = {isa = PBXFileReference; lastKnownFileType = sourcecode.swift; path = TaskRepository.swift; sourceTree = "<group>"; };
		3AC15CEE2C953112004EBEBB /* AuthService.swift */ = {isa = PBXFileReference; lastKnownFileType = sourcecode.swift; path = AuthService.swift; sourceTree = "<group>"; };
		3AC15CF72C965161004EBEBB /* DragAndDropDelegate.swift */ = {isa = PBXFileReference; lastKnownFileType = sourcecode.swift; path = DragAndDropDelegate.swift; sourceTree = "<group>"; };
		3AC15CF92C965ACD004EBEBB /* UserDTO.swift */ = {isa = PBXFileReference; lastKnownFileType = sourcecode.swift; path = UserDTO.swift; sourceTree = "<group>"; };
		3AC15CFB2C96F52D004EBEBB /* AuthRepository.swift */ = {isa = PBXFileReference; lastKnownFileType = sourcecode.swift; path = AuthRepository.swift; sourceTree = "<group>"; };
		3AC6E7B12C8AE1DC00709B38 /* Mocks.swift */ = {isa = PBXFileReference; lastKnownFileType = sourcecode.swift; path = Mocks.swift; sourceTree = "<group>"; };
		3AC6E7C42C9047DC00709B38 /* LargeTextButton.swift */ = {isa = PBXFileReference; lastKnownFileType = sourcecode.swift; path = LargeTextButton.swift; sourceTree = "<group>"; };
		3AC6E7DF2C9193F800709B38 /* TaskView.swift */ = {isa = PBXFileReference; lastKnownFileType = sourcecode.swift; path = TaskView.swift; sourceTree = "<group>"; };
		3AC6E7E12C91940400709B38 /* TaskViewModel.swift */ = {isa = PBXFileReference; lastKnownFileType = sourcecode.swift; path = TaskViewModel.swift; sourceTree = "<group>"; };
		3AC6E7E32C9196D600709B38 /* TaskType.swift */ = {isa = PBXFileReference; lastKnownFileType = sourcecode.swift; path = TaskType.swift; sourceTree = "<group>"; };
		3AC6E7E72C94052800709B38 /* TaskCell.swift */ = {isa = PBXFileReference; lastKnownFileType = sourcecode.swift; path = TaskCell.swift; sourceTree = "<group>"; };
		3AC6E7E92C94081B00709B38 /* TaskService.swift */ = {isa = PBXFileReference; lastKnownFileType = sourcecode.swift; path = TaskService.swift; sourceTree = "<group>"; };
		3AC6E7EC2C94789400709B38 /* DIContainer.swift */ = {isa = PBXFileReference; lastKnownFileType = sourcecode.swift; path = DIContainer.swift; sourceTree = "<group>"; };
		3AC6E7EE2C9478B700709B38 /* Services.swift */ = {isa = PBXFileReference; lastKnownFileType = sourcecode.swift; path = Services.swift; sourceTree = "<group>"; };
		3AC6E7F02C94792900709B38 /* VXImage.swift */ = {isa = PBXFileReference; lastKnownFileType = sourcecode.swift; path = VXImage.swift; sourceTree = "<group>"; };
		3AC6E7F32C947A8600709B38 /* MainTab.swift */ = {isa = PBXFileReference; lastKnownFileType = sourcecode.swift; path = MainTab.swift; sourceTree = "<group>"; };
/* End PBXFileReference section */

/* Begin PBXFrameworksBuildPhase section */
		3A3A22452C858E5F007F6D83 /* Frameworks */ = {
			isa = PBXFrameworksBuildPhase;
			buildActionMask = 2147483647;
			files = (
				3A3A226F2C858FC4007F6D83 /* FirebaseAuth in Frameworks */,
				3A3A22752C858FC4007F6D83 /* FirebaseDatabase in Frameworks */,
				3A3A22792C858FC4007F6D83 /* FirebaseFirestore in Frameworks */,
			);
			runOnlyForDeploymentPostprocessing = 0;
		};
/* End PBXFrameworksBuildPhase section */

/* Begin PBXGroup section */
		3A3A223F2C858E5F007F6D83 = {
			isa = PBXGroup;
			children = (
				3A3A225E2C858EEC007F6D83 /* README.md */,
				3A3A224A2C858E5F007F6D83 /* TaskEditor */,
				3A3A22492C858E5F007F6D83 /* Products */,
			);
			sourceTree = "<group>";
		};
		3A3A22492C858E5F007F6D83 /* Products */ = {
			isa = PBXGroup;
			children = (
				3A3A22482C858E5F007F6D83 /* TaskEditor.app */,
			);
			name = Products;
			sourceTree = "<group>";
		};
		3A3A224A2C858E5F007F6D83 /* TaskEditor */ = {
			isa = PBXGroup;
			children = (
				3A3A225D2C858EAE007F6D83 /* App */,
				3A3A225C2C858EAD007F6D83 /* Core */,
				3A3A225B2C858EAC007F6D83 /* Component */,
				3A3A225A2C858EAB007F6D83 /* Feature */,
				3A3A22592C858EA3007F6D83 /* Model */,
				3A3A22512C858E62007F6D83 /* Preview Content */,
			);
			path = TaskEditor;
			sourceTree = "<group>";
		};
		3A3A22512C858E62007F6D83 /* Preview Content */ = {
			isa = PBXGroup;
			children = (
				3A3A22522C858E62007F6D83 /* Preview Assets.xcassets */,
			);
			path = "Preview Content";
			sourceTree = "<group>";
		};
		3A3A22592C858EA3007F6D83 /* Model */ = {
			isa = PBXGroup;
			children = (
				3AC6E7F22C947A7500709B38 /* Tab */,
				3A3A22BD2C8830FB007F6D83 /* Profile */,
				3A3A22BC2C8830F4007F6D83 /* Task */,
				3AC6E7B12C8AE1DC00709B38 /* Mocks.swift */,
			);
			path = Model;
			sourceTree = "<group>";
		};
		3A3A225A2C858EAB007F6D83 /* Feature */ = {
			isa = PBXGroup;
			children = (
				3AC15CDA2C9489F8004EBEBB /* Authentication */,
				3A3A229B2C85B5E6007F6D83 /* Home */,
				3A3A22972C85B5E2007F6D83 /* Profile */,
				3A3A22982C85B5E3007F6D83 /* Setting */,
				3A3A229C2C85B5E7007F6D83 /* Tab */,
				3A3A229A2C85B5E5007F6D83 /* TaskList */,
			);
			path = Feature;
			sourceTree = "<group>";
		};
		3A3A225B2C858EAC007F6D83 /* Component */ = {
			isa = PBXGroup;
			children = (
				3A3A22B42C880F89007F6D83 /* View */,
				3A3A22B32C880F81007F6D83 /* Constant */,
			);
			path = Component;
			sourceTree = "<group>";
		};
		3A3A225C2C858EAD007F6D83 /* Core */ = {
			isa = PBXGroup;
			children = (
				3AC6E7EB2C94787D00709B38 /* Container */,
				3A3A22602C858F6E007F6D83 /* Extension */,
				3AC15CE52C950CD7004EBEBB /* Repository */,
				3AC6E7F52C947DD500709B38 /* Resource */,
				3A3A225F2C858F6D007F6D83 /* Service */,
			);
			path = Core;
			sourceTree = "<group>";
		};
		3A3A225D2C858EAE007F6D83 /* App */ = {
			isa = PBXGroup;
			children = (
				3AC15CF62C965145004EBEBB /* Delegate */,
				3A3A224B2C858E5F007F6D83 /* TaskEditorApp.swift */,
				3A3A22952C859033007F6D83 /* LaunchScreen.storyboard */,
			);
			path = App;
			sourceTree = "<group>";
		};
		3A3A225F2C858F6D007F6D83 /* Service */ = {
			isa = PBXGroup;
			children = (
				3AC6E7EE2C9478B700709B38 /* Services.swift */,
				3AC15CED2C9530FF004EBEBB /* AuthService */,
				3AC6E7E52C9404B900709B38 /* TaskService */,
				3A3A22612C858F7C007F6D83 /* GoogleService-Info.plist */,
			);
			path = Service;
			sourceTree = "<group>";
		};
		3A3A22602C858F6E007F6D83 /* Extension */ = {
			isa = PBXGroup;
			children = (
				3A3A22B72C882401007F6D83 /* Encodable+Ext.swift */,
			);
			path = Extension;
			sourceTree = "<group>";
		};
		3A3A22972C85B5E2007F6D83 /* Profile */ = {
			isa = PBXGroup;
			children = (
				3A3A22AD2C85B6D7007F6D83 /* ProfileView.swift */,
				3A3A22A12C85B631007F6D83 /* ProfileViewModel.swift */,
			);
			path = Profile;
			sourceTree = "<group>";
		};
		3A3A22982C85B5E3007F6D83 /* Setting */ = {
			isa = PBXGroup;
			children = (
				3A3A22AB2C85B6D0007F6D83 /* SettingView.swift */,
				3A3A22A32C85B63A007F6D83 /* SettingViewModel.swift */,
			);
			path = Setting;
			sourceTree = "<group>";
		};
		3A3A229A2C85B5E5007F6D83 /* TaskList */ = {
			isa = PBXGroup;
			children = (
				3AC6E7DE2C9193E900709B38 /* Task */,
				3A3A22A72C85B658007F6D83 /* TaskListView.swift */,
				3A3A22A52C85B646007F6D83 /* TaskListViewModel.swift */,
			);
			name = TaskList;
			sourceTree = "<group>";
		};
		3A3A229B2C85B5E6007F6D83 /* Home */ = {
			isa = PBXGroup;
			children = (
				3A3A22B12C85B6E7007F6D83 /* HomeView.swift */,
			);
			path = Home;
			sourceTree = "<group>";
		};
		3A3A229C2C85B5E7007F6D83 /* Tab */ = {
			isa = PBXGroup;
			children = (
				3A3A22A92C85B669007F6D83 /* MainTabView.swift */,
			);
			path = Tab;
			sourceTree = "<group>";
		};
		3A3A22B32C880F81007F6D83 /* Constant */ = {
			isa = PBXGroup;
			children = (
				3A3A22B52C8810FB007F6D83 /* VXColor.swift */,
				3AC6E7F02C94792900709B38 /* VXImage.swift */,
			);
			path = Constant;
			sourceTree = "<group>";
		};
		3A3A22B42C880F89007F6D83 /* View */ = {
			isa = PBXGroup;
			children = (
				3AC6E7C62C910CD900709B38 /* View */,
				3AC6E7C32C9047C900709B38 /* Button */,
			);
			path = View;
			sourceTree = "<group>";
		};
		3A3A22BC2C8830F4007F6D83 /* Task */ = {
			isa = PBXGroup;
			children = (
				3A3A22C22C883130007F6D83 /* Task.swift */,
				3AC6E7E32C9196D600709B38 /* TaskType.swift */,
			);
			path = Task;
			sourceTree = "<group>";
		};
		3A3A22BD2C8830FB007F6D83 /* Profile */ = {
			isa = PBXGroup;
			children = (
				3A3A22BE2C88310F007F6D83 /* User.swift */,
			);
			path = Profile;
			sourceTree = "<group>";
		};
		3AC15CDA2C9489F8004EBEBB /* Authentication */ = {
			isa = PBXGroup;
			children = (
				3AC15CDD2C948A20004EBEBB /* AuthView.swift */,
				3AC15CDF2C948A2B004EBEBB /* AuthViewModel.swift */,
				3AC15CDB2C948A07004EBEBB /* SignIn */,
				3AC15CDC2C948A0D004EBEBB /* SignUp */,
			);
			path = Authentication;
			sourceTree = "<group>";
		};
		3AC15CDB2C948A07004EBEBB /* SignIn */ = {
			isa = PBXGroup;
			children = (
				3AC15CE12C948B3D004EBEBB /* SignInView.swift */,
			);
			path = SignIn;
			sourceTree = "<group>";
		};
		3AC15CDC2C948A0D004EBEBB /* SignUp */ = {
			isa = PBXGroup;
			children = (
				3AC15CE32C948B4F004EBEBB /* SignUpView.swift */,
			);
			path = SignUp;
			sourceTree = "<group>";
		};
		3AC15CE52C950CD7004EBEBB /* Repository */ = {
			isa = PBXGroup;
			children = (
				3AC15CE62C950CDF004EBEBB /* DTO */,
				3AC15CE92C950DC6004EBEBB /* TaskRepository.swift */,
				3AC15CFB2C96F52D004EBEBB /* AuthRepository.swift */,
			);
			path = Repository;
			sourceTree = "<group>";
		};
		3AC15CE62C950CDF004EBEBB /* DTO */ = {
			isa = PBXGroup;
			children = (
				3AC15CE72C950CEF004EBEBB /* TaskDTO.swift */,
				3AC15CF92C965ACD004EBEBB /* UserDTO.swift */,
			);
			path = DTO;
			sourceTree = "<group>";
		};
		3AC15CED2C9530FF004EBEBB /* AuthService */ = {
			isa = PBXGroup;
			children = (
				3AC15CEE2C953112004EBEBB /* AuthService.swift */,
			);
			path = AuthService;
			sourceTree = "<group>";
		};
		3AC15CF62C965145004EBEBB /* Delegate */ = {
			isa = PBXGroup;
			children = (
				3AC15CF72C965161004EBEBB /* DragAndDropDelegate.swift */,
				3A3A22932C858FF9007F6D83 /* AppDelegate.swift */,
			);
			path = Delegate;
			sourceTree = "<group>";
		};
		3AC6E7C32C9047C900709B38 /* Button */ = {
			isa = PBXGroup;
			children = (
				3AC6E7C42C9047DC00709B38 /* LargeTextButton.swift */,
			);
			path = Button;
			sourceTree = "<group>";
		};
		3AC6E7C62C910CD900709B38 /* View */ = {
			isa = PBXGroup;
			children = (
				3AC6E7E72C94052800709B38 /* TaskCell.swift */,
			);
			path = View;
			sourceTree = "<group>";
		};
		3AC6E7DE2C9193E900709B38 /* Task */ = {
			isa = PBXGroup;
			children = (
				3AC6E7DF2C9193F800709B38 /* TaskView.swift */,
				3AC6E7E12C91940400709B38 /* TaskViewModel.swift */,
			);
			name = Task;
			sourceTree = "<group>";
		};
		3AC6E7E52C9404B900709B38 /* TaskService */ = {
			isa = PBXGroup;
			children = (
				3AC6E7E92C94081B00709B38 /* TaskService.swift */,
			);
			path = TaskService;
			sourceTree = "<group>";
		};
		3AC6E7EB2C94787D00709B38 /* Container */ = {
			isa = PBXGroup;
			children = (
				3AC6E7EC2C94789400709B38 /* DIContainer.swift */,
			);
			path = Container;
			sourceTree = "<group>";
		};
		3AC6E7F22C947A7500709B38 /* Tab */ = {
			isa = PBXGroup;
			children = (
				3AC6E7F32C947A8600709B38 /* MainTab.swift */,
			);
			path = Tab;
			sourceTree = "<group>";
		};
		3AC6E7F52C947DD500709B38 /* Resource */ = {
			isa = PBXGroup;
			children = (
				3A3A224F2C858E62007F6D83 /* Assets.xcassets */,
			);
			path = Resource;
			sourceTree = "<group>";
		};
/* End PBXGroup section */

/* Begin PBXNativeTarget section */
		3A3A22472C858E5F007F6D83 /* TaskEditor */ = {
			isa = PBXNativeTarget;
			buildConfigurationList = 3A3A22562C858E62007F6D83 /* Build configuration list for PBXNativeTarget "TaskEditor" */;
			buildPhases = (
				3A3A22442C858E5F007F6D83 /* Sources */,
				3A3A22452C858E5F007F6D83 /* Frameworks */,
				3A3A22462C858E5F007F6D83 /* Resources */,
			);
			buildRules = (
			);
			dependencies = (
			);
			name = TaskEditor;
			packageProductDependencies = (
				3A3A226E2C858FC4007F6D83 /* FirebaseAuth */,
				3A3A22742C858FC4007F6D83 /* FirebaseDatabase */,
				3A3A22782C858FC4007F6D83 /* FirebaseFirestore */,
			);
			productName = TaskEditor;
			productReference = 3A3A22482C858E5F007F6D83 /* TaskEditor.app */;
			productType = "com.apple.product-type.application";
		};
/* End PBXNativeTarget section */

/* Begin PBXProject section */
		3A3A22402C858E5F007F6D83 /* Project object */ = {
			isa = PBXProject;
			attributes = {
				BuildIndependentTargetsInParallel = 1;
				LastSwiftUpdateCheck = 1540;
				LastUpgradeCheck = 1540;
				TargetAttributes = {
					3A3A22472C858E5F007F6D83 = {
						CreatedOnToolsVersion = 15.4;
					};
				};
			};
			buildConfigurationList = 3A3A22432C858E5F007F6D83 /* Build configuration list for PBXProject "TaskEditor" */;
			compatibilityVersion = "Xcode 14.0";
			developmentRegion = en;
			hasScannedForEncodings = 0;
			knownRegions = (
				en,
				Base,
			);
			mainGroup = 3A3A223F2C858E5F007F6D83;
			packageReferences = (
				3A3A22632C858FC4007F6D83 /* XCRemoteSwiftPackageReference "firebase-ios-sdk" */,
			);
			productRefGroup = 3A3A22492C858E5F007F6D83 /* Products */;
			projectDirPath = "";
			projectRoot = "";
			targets = (
				3A3A22472C858E5F007F6D83 /* TaskEditor */,
			);
		};
/* End PBXProject section */

/* Begin PBXResourcesBuildPhase section */
		3A3A22462C858E5F007F6D83 /* Resources */ = {
			isa = PBXResourcesBuildPhase;
			buildActionMask = 2147483647;
			files = (
				3A3A22532C858E62007F6D83 /* Preview Assets.xcassets in Resources */,
				3A3A22962C859033007F6D83 /* LaunchScreen.storyboard in Resources */,
				3A3A22502C858E62007F6D83 /* Assets.xcassets in Resources */,
				3A3A22622C858F7C007F6D83 /* GoogleService-Info.plist in Resources */,
			);
			runOnlyForDeploymentPostprocessing = 0;
		};
/* End PBXResourcesBuildPhase section */

/* Begin PBXSourcesBuildPhase section */
		3A3A22442C858E5F007F6D83 /* Sources */ = {
			isa = PBXSourcesBuildPhase;
			buildActionMask = 2147483647;
			files = (
				3AC6E7B22C8AE1DC00709B38 /* Mocks.swift in Sources */,
				3AC6E7C52C9047DC00709B38 /* LargeTextButton.swift in Sources */,
				3AC15CEA2C950DC6004EBEBB /* TaskRepository.swift in Sources */,
				3A3A22A62C85B646007F6D83 /* TaskListViewModel.swift in Sources */,
				3A3A22B22C85B6E7007F6D83 /* HomeView.swift in Sources */,
				3AC6E7ED2C94789400709B38 /* DIContainer.swift in Sources */,
				3A3A22A22C85B631007F6D83 /* ProfileViewModel.swift in Sources */,
				3A3A22A42C85B63B007F6D83 /* SettingViewModel.swift in Sources */,
				3A3A22942C858FF9007F6D83 /* AppDelegate.swift in Sources */,
				3AC15CF82C965161004EBEBB /* DragAndDropDelegate.swift in Sources */,
				3A3A22AE2C85B6D7007F6D83 /* ProfileView.swift in Sources */,
				3AC6E7EA2C94081B00709B38 /* TaskService.swift in Sources */,
				3AC6E7EF2C9478B700709B38 /* Services.swift in Sources */,
				3A3A22A82C85B658007F6D83 /* TaskListView.swift in Sources */,
				3A3A22B62C8810FB007F6D83 /* VXColor.swift in Sources */,
				3AC6E7F42C947A8600709B38 /* MainTab.swift in Sources */,
				3AC15CDE2C948A20004EBEBB /* AuthView.swift in Sources */,
				3AC15CE42C948B4F004EBEBB /* SignUpView.swift in Sources */,
				3AC15CFC2C96F52D004EBEBB /* AuthRepository.swift in Sources */,
				3A3A22B82C882401007F6D83 /* Encodable+Ext.swift in Sources */,
				3AC6E7F12C94792900709B38 /* VXImage.swift in Sources */,
				3AC6E7E22C91940400709B38 /* TaskViewModel.swift in Sources */,
				3AC15CE82C950CEF004EBEBB /* TaskDTO.swift in Sources */,
				3A3A224C2C858E5F007F6D83 /* TaskEditorApp.swift in Sources */,
				3AC6E7E02C9193F800709B38 /* TaskView.swift in Sources */,
				3A3A22BF2C88310F007F6D83 /* User.swift in Sources */,
				3A3A22AA2C85B669007F6D83 /* MainTabView.swift in Sources */,
				3AC15CE22C948B3D004EBEBB /* SignInView.swift in Sources */,
				3AC15CEF2C953112004EBEBB /* AuthService.swift in Sources */,
				3AC15CE02C948A2B004EBEBB /* AuthViewModel.swift in Sources */,
				3A3A22AC2C85B6D0007F6D83 /* SettingView.swift in Sources */,
				3A3A22C32C883130007F6D83 /* Task.swift in Sources */,
				3AC6E7E42C9196D600709B38 /* TaskType.swift in Sources */,
				3AC15CFA2C965ACD004EBEBB /* UserDTO.swift in Sources */,
				3AC6E7E82C94052800709B38 /* TaskCell.swift in Sources */,
			);
			runOnlyForDeploymentPostprocessing = 0;
		};
/* End PBXSourcesBuildPhase section */

/* Begin XCBuildConfiguration section */
		3A3A22542C858E62007F6D83 /* Debug */ = {
			isa = XCBuildConfiguration;
			buildSettings = {
				ALWAYS_SEARCH_USER_PATHS = NO;
				ASSETCATALOG_COMPILER_GENERATE_SWIFT_ASSET_SYMBOL_EXTENSIONS = YES;
				CLANG_ANALYZER_NONNULL = YES;
				CLANG_ANALYZER_NUMBER_OBJECT_CONVERSION = YES_AGGRESSIVE;
				CLANG_CXX_LANGUAGE_STANDARD = "gnu++20";
				CLANG_ENABLE_MODULES = YES;
				CLANG_ENABLE_OBJC_ARC = YES;
				CLANG_ENABLE_OBJC_WEAK = YES;
				CLANG_WARN_BLOCK_CAPTURE_AUTORELEASING = YES;
				CLANG_WARN_BOOL_CONVERSION = YES;
				CLANG_WARN_COMMA = YES;
				CLANG_WARN_CONSTANT_CONVERSION = YES;
				CLANG_WARN_DEPRECATED_OBJC_IMPLEMENTATIONS = YES;
				CLANG_WARN_DIRECT_OBJC_ISA_USAGE = YES_ERROR;
				CLANG_WARN_DOCUMENTATION_COMMENTS = YES;
				CLANG_WARN_EMPTY_BODY = YES;
				CLANG_WARN_ENUM_CONVERSION = YES;
				CLANG_WARN_INFINITE_RECURSION = YES;
				CLANG_WARN_INT_CONVERSION = YES;
				CLANG_WARN_NON_LITERAL_NULL_CONVERSION = YES;
				CLANG_WARN_OBJC_IMPLICIT_RETAIN_SELF = YES;
				CLANG_WARN_OBJC_LITERAL_CONVERSION = YES;
				CLANG_WARN_OBJC_ROOT_CLASS = YES_ERROR;
				CLANG_WARN_QUOTED_INCLUDE_IN_FRAMEWORK_HEADER = YES;
				CLANG_WARN_RANGE_LOOP_ANALYSIS = YES;
				CLANG_WARN_STRICT_PROTOTYPES = YES;
				CLANG_WARN_SUSPICIOUS_MOVE = YES;
				CLANG_WARN_UNGUARDED_AVAILABILITY = YES_AGGRESSIVE;
				CLANG_WARN_UNREACHABLE_CODE = YES;
				CLANG_WARN__DUPLICATE_METHOD_MATCH = YES;
				COPY_PHASE_STRIP = NO;
				DEBUG_INFORMATION_FORMAT = dwarf;
				ENABLE_STRICT_OBJC_MSGSEND = YES;
				ENABLE_TESTABILITY = YES;
				ENABLE_USER_SCRIPT_SANDBOXING = YES;
				GCC_C_LANGUAGE_STANDARD = gnu17;
				GCC_DYNAMIC_NO_PIC = NO;
				GCC_NO_COMMON_BLOCKS = YES;
				GCC_OPTIMIZATION_LEVEL = 0;
				GCC_PREPROCESSOR_DEFINITIONS = (
					"DEBUG=1",
					"$(inherited)",
				);
				GCC_WARN_64_TO_32_BIT_CONVERSION = YES;
				GCC_WARN_ABOUT_RETURN_TYPE = YES_ERROR;
				GCC_WARN_UNDECLARED_SELECTOR = YES;
				GCC_WARN_UNINITIALIZED_AUTOS = YES_AGGRESSIVE;
				GCC_WARN_UNUSED_FUNCTION = YES;
				GCC_WARN_UNUSED_VARIABLE = YES;
				IPHONEOS_DEPLOYMENT_TARGET = 17.5;
				LOCALIZATION_PREFERS_STRING_CATALOGS = YES;
				MTL_ENABLE_DEBUG_INFO = INCLUDE_SOURCE;
				MTL_FAST_MATH = YES;
				ONLY_ACTIVE_ARCH = YES;
				SDKROOT = iphoneos;
				SWIFT_ACTIVE_COMPILATION_CONDITIONS = "DEBUG $(inherited)";
				SWIFT_OPTIMIZATION_LEVEL = "-Onone";
			};
			name = Debug;
		};
		3A3A22552C858E62007F6D83 /* Release */ = {
			isa = XCBuildConfiguration;
			buildSettings = {
				ALWAYS_SEARCH_USER_PATHS = NO;
				ASSETCATALOG_COMPILER_GENERATE_SWIFT_ASSET_SYMBOL_EXTENSIONS = YES;
				CLANG_ANALYZER_NONNULL = YES;
				CLANG_ANALYZER_NUMBER_OBJECT_CONVERSION = YES_AGGRESSIVE;
				CLANG_CXX_LANGUAGE_STANDARD = "gnu++20";
				CLANG_ENABLE_MODULES = YES;
				CLANG_ENABLE_OBJC_ARC = YES;
				CLANG_ENABLE_OBJC_WEAK = YES;
				CLANG_WARN_BLOCK_CAPTURE_AUTORELEASING = YES;
				CLANG_WARN_BOOL_CONVERSION = YES;
				CLANG_WARN_COMMA = YES;
				CLANG_WARN_CONSTANT_CONVERSION = YES;
				CLANG_WARN_DEPRECATED_OBJC_IMPLEMENTATIONS = YES;
				CLANG_WARN_DIRECT_OBJC_ISA_USAGE = YES_ERROR;
				CLANG_WARN_DOCUMENTATION_COMMENTS = YES;
				CLANG_WARN_EMPTY_BODY = YES;
				CLANG_WARN_ENUM_CONVERSION = YES;
				CLANG_WARN_INFINITE_RECURSION = YES;
				CLANG_WARN_INT_CONVERSION = YES;
				CLANG_WARN_NON_LITERAL_NULL_CONVERSION = YES;
				CLANG_WARN_OBJC_IMPLICIT_RETAIN_SELF = YES;
				CLANG_WARN_OBJC_LITERAL_CONVERSION = YES;
				CLANG_WARN_OBJC_ROOT_CLASS = YES_ERROR;
				CLANG_WARN_QUOTED_INCLUDE_IN_FRAMEWORK_HEADER = YES;
				CLANG_WARN_RANGE_LOOP_ANALYSIS = YES;
				CLANG_WARN_STRICT_PROTOTYPES = YES;
				CLANG_WARN_SUSPICIOUS_MOVE = YES;
				CLANG_WARN_UNGUARDED_AVAILABILITY = YES_AGGRESSIVE;
				CLANG_WARN_UNREACHABLE_CODE = YES;
				CLANG_WARN__DUPLICATE_METHOD_MATCH = YES;
				COPY_PHASE_STRIP = NO;
				DEBUG_INFORMATION_FORMAT = "dwarf-with-dsym";
				ENABLE_NS_ASSERTIONS = NO;
				ENABLE_STRICT_OBJC_MSGSEND = YES;
				ENABLE_USER_SCRIPT_SANDBOXING = YES;
				GCC_C_LANGUAGE_STANDARD = gnu17;
				GCC_NO_COMMON_BLOCKS = YES;
				GCC_WARN_64_TO_32_BIT_CONVERSION = YES;
				GCC_WARN_ABOUT_RETURN_TYPE = YES_ERROR;
				GCC_WARN_UNDECLARED_SELECTOR = YES;
				GCC_WARN_UNINITIALIZED_AUTOS = YES_AGGRESSIVE;
				GCC_WARN_UNUSED_FUNCTION = YES;
				GCC_WARN_UNUSED_VARIABLE = YES;
				IPHONEOS_DEPLOYMENT_TARGET = 17.5;
				LOCALIZATION_PREFERS_STRING_CATALOGS = YES;
				MTL_ENABLE_DEBUG_INFO = NO;
				MTL_FAST_MATH = YES;
				SDKROOT = iphoneos;
				SWIFT_COMPILATION_MODE = wholemodule;
				VALIDATE_PRODUCT = YES;
			};
			name = Release;
		};
		3A3A22572C858E62007F6D83 /* Debug */ = {
			isa = XCBuildConfiguration;
			buildSettings = {
				ASSETCATALOG_COMPILER_APPICON_NAME = AppIcon;
				ASSETCATALOG_COMPILER_GLOBAL_ACCENT_COLOR_NAME = AccentColor;
				CODE_SIGN_STYLE = Automatic;
				CURRENT_PROJECT_VERSION = 1;
				DEVELOPMENT_ASSET_PATHS = "\"TaskEditor/Preview Content\"";
				DEVELOPMENT_TEAM = D3AGUG8XDN;
				ENABLE_PREVIEWS = YES;
				GENERATE_INFOPLIST_FILE = YES;
				INFOPLIST_KEY_UIApplicationSceneManifest_Generation = YES;
				INFOPLIST_KEY_UIApplicationSupportsIndirectInputEvents = YES;
				INFOPLIST_KEY_UILaunchScreen_Generation = YES;
				INFOPLIST_KEY_UILaunchStoryboardName = LaunchScreen.storyboard;
				INFOPLIST_KEY_UISupportedInterfaceOrientations_iPad = "UIInterfaceOrientationPortrait UIInterfaceOrientationPortraitUpsideDown UIInterfaceOrientationLandscapeLeft UIInterfaceOrientationLandscapeRight";
				INFOPLIST_KEY_UISupportedInterfaceOrientations_iPhone = "UIInterfaceOrientationPortrait UIInterfaceOrientationLandscapeLeft UIInterfaceOrientationLandscapeRight";
				IPHONEOS_DEPLOYMENT_TARGET = 17.0;
				LD_RUNPATH_SEARCH_PATHS = (
					"$(inherited)",
					"@executable_path/Frameworks",
				);
				MARKETING_VERSION = 1.0;
				PRODUCT_BUNDLE_IDENTIFIER = com.vxdeveloper.TaskEditor;
				PRODUCT_NAME = "$(TARGET_NAME)";
				SUPPORTED_PLATFORMS = "iphoneos iphonesimulator";
				SUPPORTS_MACCATALYST = NO;
				SUPPORTS_MAC_DESIGNED_FOR_IPHONE_IPAD = NO;
				SUPPORTS_XR_DESIGNED_FOR_IPHONE_IPAD = NO;
				SWIFT_EMIT_LOC_STRINGS = YES;
				SWIFT_VERSION = 5.0;
				TARGETED_DEVICE_FAMILY = "1,2";
			};
			name = Debug;
		};
		3A3A22582C858E62007F6D83 /* Release */ = {
			isa = XCBuildConfiguration;
			buildSettings = {
				ASSETCATALOG_COMPILER_APPICON_NAME = AppIcon;
				ASSETCATALOG_COMPILER_GLOBAL_ACCENT_COLOR_NAME = AccentColor;
				CODE_SIGN_STYLE = Automatic;
				CURRENT_PROJECT_VERSION = 1;
				DEVELOPMENT_ASSET_PATHS = "\"TaskEditor/Preview Content\"";
				DEVELOPMENT_TEAM = D3AGUG8XDN;
				ENABLE_PREVIEWS = YES;
				GENERATE_INFOPLIST_FILE = YES;
				INFOPLIST_KEY_UIApplicationSceneManifest_Generation = YES;
				INFOPLIST_KEY_UIApplicationSupportsIndirectInputEvents = YES;
				INFOPLIST_KEY_UILaunchScreen_Generation = YES;
				INFOPLIST_KEY_UILaunchStoryboardName = LaunchScreen.storyboard;
				INFOPLIST_KEY_UISupportedInterfaceOrientations_iPad = "UIInterfaceOrientationPortrait UIInterfaceOrientationPortraitUpsideDown UIInterfaceOrientationLandscapeLeft UIInterfaceOrientationLandscapeRight";
				INFOPLIST_KEY_UISupportedInterfaceOrientations_iPhone = "UIInterfaceOrientationPortrait UIInterfaceOrientationLandscapeLeft UIInterfaceOrientationLandscapeRight";
				IPHONEOS_DEPLOYMENT_TARGET = 17.0;
				LD_RUNPATH_SEARCH_PATHS = (
					"$(inherited)",
					"@executable_path/Frameworks",
				);
				MARKETING_VERSION = 1.0;
				PRODUCT_BUNDLE_IDENTIFIER = com.vxdeveloper.TaskEditor;
				PRODUCT_NAME = "$(TARGET_NAME)";
				SUPPORTED_PLATFORMS = "iphoneos iphonesimulator";
				SUPPORTS_MACCATALYST = NO;
				SUPPORTS_MAC_DESIGNED_FOR_IPHONE_IPAD = NO;
				SUPPORTS_XR_DESIGNED_FOR_IPHONE_IPAD = NO;
				SWIFT_EMIT_LOC_STRINGS = YES;
				SWIFT_VERSION = 5.0;
				TARGETED_DEVICE_FAMILY = "1,2";
			};
			name = Release;
		};
/* End XCBuildConfiguration section */

/* Begin XCConfigurationList section */
		3A3A22432C858E5F007F6D83 /* Build configuration list for PBXProject "TaskEditor" */ = {
			isa = XCConfigurationList;
			buildConfigurations = (
				3A3A22542C858E62007F6D83 /* Debug */,
				3A3A22552C858E62007F6D83 /* Release */,
			);
			defaultConfigurationIsVisible = 0;
			defaultConfigurationName = Release;
		};
		3A3A22562C858E62007F6D83 /* Build configuration list for PBXNativeTarget "TaskEditor" */ = {
			isa = XCConfigurationList;
			buildConfigurations = (
				3A3A22572C858E62007F6D83 /* Debug */,
				3A3A22582C858E62007F6D83 /* Release */,
			);
			defaultConfigurationIsVisible = 0;
			defaultConfigurationName = Release;
		};
/* End XCConfigurationList section */

/* Begin XCRemoteSwiftPackageReference section */
		3A3A22632C858FC4007F6D83 /* XCRemoteSwiftPackageReference "firebase-ios-sdk" */ = {
			isa = XCRemoteSwiftPackageReference;
			repositoryURL = "https://github.com/firebase/firebase-ios-sdk";
			requirement = {
				kind = upToNextMajorVersion;
				minimumVersion = 11.1.0;
			};
		};
/* End XCRemoteSwiftPackageReference section */

/* Begin XCSwiftPackageProductDependency section */
		3A3A226E2C858FC4007F6D83 /* FirebaseAuth */ = {
			isa = XCSwiftPackageProductDependency;
			package = 3A3A22632C858FC4007F6D83 /* XCRemoteSwiftPackageReference "firebase-ios-sdk" */;
			productName = FirebaseAuth;
		};
		3A3A22742C858FC4007F6D83 /* FirebaseDatabase */ = {
			isa = XCSwiftPackageProductDependency;
			package = 3A3A22632C858FC4007F6D83 /* XCRemoteSwiftPackageReference "firebase-ios-sdk" */;
			productName = FirebaseDatabase;
		};
		3A3A22782C858FC4007F6D83 /* FirebaseFirestore */ = {
			isa = XCSwiftPackageProductDependency;
			package = 3A3A22632C858FC4007F6D83 /* XCRemoteSwiftPackageReference "firebase-ios-sdk" */;
			productName = FirebaseFirestore;
		};
/* End XCSwiftPackageProductDependency section */
	};
	rootObject = 3A3A22402C858E5F007F6D83 /* Project object */;
}
