// !$*UTF8*$!
{
	archiveVersion = 1;
	classes = {
	};
	objectVersion = 56;
	objects = {

/* Begin PBXBuildFile section */
		3A3A224C2C858E5F007F6D83 /* TaskEditorApp.swift in Sources */ = {isa = PBXBuildFile; fileRef = 3A3A224B2C858E5F007F6D83 /* TaskEditorApp.swift */; };
		3A3A224E2C858E5F007F6D83 /* ContentView.swift in Sources */ = {isa = PBXBuildFile; fileRef = 3A3A224D2C858E5F007F6D83 /* ContentView.swift */; };
		3A3A22502C858E62007F6D83 /* Assets.xcassets in Resources */ = {isa = PBXBuildFile; fileRef = 3A3A224F2C858E62007F6D83 /* Assets.xcassets */; };
		3A3A22532C858E62007F6D83 /* Preview Assets.xcassets in Resources */ = {isa = PBXBuildFile; fileRef = 3A3A22522C858E62007F6D83 /* Preview Assets.xcassets */; };
		3A3A22622C858F7C007F6D83 /* GoogleService-Info.plist in Resources */ = {isa = PBXBuildFile; fileRef = 3A3A22612C858F7C007F6D83 /* GoogleService-Info.plist */; };
		3A3A22652C858FC4007F6D83 /* FirebaseAnalytics in Frameworks */ = {isa = PBXBuildFile; productRef = 3A3A22642C858FC4007F6D83 /* FirebaseAnalytics */; };
		3A3A22672C858FC4007F6D83 /* FirebaseAnalyticsOnDeviceConversion in Frameworks */ = {isa = PBXBuildFile; productRef = 3A3A22662C858FC4007F6D83 /* FirebaseAnalyticsOnDeviceConversion */; };
		3A3A22692C858FC4007F6D83 /* FirebaseAnalyticsWithoutAdIdSupport in Frameworks */ = {isa = PBXBuildFile; productRef = 3A3A22682C858FC4007F6D83 /* FirebaseAnalyticsWithoutAdIdSupport */; };
		3A3A226B2C858FC4007F6D83 /* FirebaseAppCheck in Frameworks */ = {isa = PBXBuildFile; productRef = 3A3A226A2C858FC4007F6D83 /* FirebaseAppCheck */; };
		3A3A226D2C858FC4007F6D83 /* FirebaseAppDistribution-Beta in Frameworks */ = {isa = PBXBuildFile; productRef = 3A3A226C2C858FC4007F6D83 /* FirebaseAppDistribution-Beta */; };
		3A3A226F2C858FC4007F6D83 /* FirebaseAuth in Frameworks */ = {isa = PBXBuildFile; productRef = 3A3A226E2C858FC4007F6D83 /* FirebaseAuth */; };
		3A3A22712C858FC4007F6D83 /* FirebaseAuthCombine-Community in Frameworks */ = {isa = PBXBuildFile; productRef = 3A3A22702C858FC4007F6D83 /* FirebaseAuthCombine-Community */; };
		3A3A22732C858FC4007F6D83 /* FirebaseCrashlytics in Frameworks */ = {isa = PBXBuildFile; productRef = 3A3A22722C858FC4007F6D83 /* FirebaseCrashlytics */; };
		3A3A22752C858FC4007F6D83 /* FirebaseDatabase in Frameworks */ = {isa = PBXBuildFile; productRef = 3A3A22742C858FC4007F6D83 /* FirebaseDatabase */; };
		3A3A22772C858FC4007F6D83 /* FirebaseDynamicLinks in Frameworks */ = {isa = PBXBuildFile; productRef = 3A3A22762C858FC4007F6D83 /* FirebaseDynamicLinks */; };
		3A3A22792C858FC4007F6D83 /* FirebaseFirestore in Frameworks */ = {isa = PBXBuildFile; productRef = 3A3A22782C858FC4007F6D83 /* FirebaseFirestore */; };
		3A3A227B2C858FC4007F6D83 /* FirebaseFirestoreCombine-Community in Frameworks */ = {isa = PBXBuildFile; productRef = 3A3A227A2C858FC4007F6D83 /* FirebaseFirestoreCombine-Community */; };
		3A3A227D2C858FC4007F6D83 /* FirebaseFunctions in Frameworks */ = {isa = PBXBuildFile; productRef = 3A3A227C2C858FC4007F6D83 /* FirebaseFunctions */; };
		3A3A227F2C858FC4007F6D83 /* FirebaseFunctionsCombine-Community in Frameworks */ = {isa = PBXBuildFile; productRef = 3A3A227E2C858FC4007F6D83 /* FirebaseFunctionsCombine-Community */; };
		3A3A22812C858FC4007F6D83 /* FirebaseInAppMessaging-Beta in Frameworks */ = {isa = PBXBuildFile; productRef = 3A3A22802C858FC4007F6D83 /* FirebaseInAppMessaging-Beta */; };
		3A3A22832C858FC4007F6D83 /* FirebaseInstallations in Frameworks */ = {isa = PBXBuildFile; productRef = 3A3A22822C858FC4007F6D83 /* FirebaseInstallations */; };
		3A3A22852C858FC4007F6D83 /* FirebaseMLModelDownloader in Frameworks */ = {isa = PBXBuildFile; productRef = 3A3A22842C858FC4007F6D83 /* FirebaseMLModelDownloader */; };
		3A3A22872C858FC4007F6D83 /* FirebaseMessaging in Frameworks */ = {isa = PBXBuildFile; productRef = 3A3A22862C858FC4007F6D83 /* FirebaseMessaging */; };
		3A3A22892C858FC4007F6D83 /* FirebasePerformance in Frameworks */ = {isa = PBXBuildFile; productRef = 3A3A22882C858FC4007F6D83 /* FirebasePerformance */; };
		3A3A228B2C858FC4007F6D83 /* FirebaseRemoteConfig in Frameworks */ = {isa = PBXBuildFile; productRef = 3A3A228A2C858FC4007F6D83 /* FirebaseRemoteConfig */; };
		3A3A228D2C858FC4007F6D83 /* FirebaseStorage in Frameworks */ = {isa = PBXBuildFile; productRef = 3A3A228C2C858FC4007F6D83 /* FirebaseStorage */; };
		3A3A228F2C858FC4007F6D83 /* FirebaseStorageCombine-Community in Frameworks */ = {isa = PBXBuildFile; productRef = 3A3A228E2C858FC4007F6D83 /* FirebaseStorageCombine-Community */; };
		3A3A22912C858FC4007F6D83 /* FirebaseVertexAI-Preview in Frameworks */ = {isa = PBXBuildFile; productRef = 3A3A22902C858FC4007F6D83 /* FirebaseVertexAI-Preview */; };
		3A3A22942C858FF9007F6D83 /* AppDelegate.swift in Sources */ = {isa = PBXBuildFile; fileRef = 3A3A22932C858FF9007F6D83 /* AppDelegate.swift */; };
		3A3A22962C859033007F6D83 /* LaunchScreen.storyboard in Resources */ = {isa = PBXBuildFile; fileRef = 3A3A22952C859033007F6D83 /* LaunchScreen.storyboard */; };
		3A3A229E2C85B61C007F6D83 /* HomeViewModel.swift in Sources */ = {isa = PBXBuildFile; fileRef = 3A3A229D2C85B61B007F6D83 /* HomeViewModel.swift */; };
		3A3A22A02C85B625007F6D83 /* MemoListViewModel.swift in Sources */ = {isa = PBXBuildFile; fileRef = 3A3A229F2C85B625007F6D83 /* MemoListViewModel.swift */; };
		3A3A22A22C85B631007F6D83 /* ProfileViewModel.swift in Sources */ = {isa = PBXBuildFile; fileRef = 3A3A22A12C85B631007F6D83 /* ProfileViewModel.swift */; };
		3A3A22A42C85B63B007F6D83 /* SettingViewModel.swift in Sources */ = {isa = PBXBuildFile; fileRef = 3A3A22A32C85B63A007F6D83 /* SettingViewModel.swift */; };
		3A3A22A62C85B646007F6D83 /* TodoListViewModel.swift in Sources */ = {isa = PBXBuildFile; fileRef = 3A3A22A52C85B646007F6D83 /* TodoListViewModel.swift */; };
		3A3A22A82C85B658007F6D83 /* TodoListView.swift in Sources */ = {isa = PBXBuildFile; fileRef = 3A3A22A72C85B658007F6D83 /* TodoListView.swift */; };
		3A3A22AA2C85B669007F6D83 /* MainTabView.swift in Sources */ = {isa = PBXBuildFile; fileRef = 3A3A22A92C85B669007F6D83 /* MainTabView.swift */; };
		3A3A22AC2C85B6D0007F6D83 /* SettingView.swift in Sources */ = {isa = PBXBuildFile; fileRef = 3A3A22AB2C85B6D0007F6D83 /* SettingView.swift */; };
		3A3A22AE2C85B6D7007F6D83 /* ProfileView.swift in Sources */ = {isa = PBXBuildFile; fileRef = 3A3A22AD2C85B6D7007F6D83 /* ProfileView.swift */; };
		3A3A22B02C85B6DE007F6D83 /* MemoListView.swift in Sources */ = {isa = PBXBuildFile; fileRef = 3A3A22AF2C85B6DE007F6D83 /* MemoListView.swift */; };
		3A3A22B22C85B6E7007F6D83 /* HomeView.swift in Sources */ = {isa = PBXBuildFile; fileRef = 3A3A22B12C85B6E7007F6D83 /* HomeView.swift */; };
/* End PBXBuildFile section */

/* Begin PBXFileReference section */
		3A3A22482C858E5F007F6D83 /* TaskEditor.app */ = {isa = PBXFileReference; explicitFileType = wrapper.application; includeInIndex = 0; path = TaskEditor.app; sourceTree = BUILT_PRODUCTS_DIR; };
		3A3A224B2C858E5F007F6D83 /* TaskEditorApp.swift */ = {isa = PBXFileReference; lastKnownFileType = sourcecode.swift; path = TaskEditorApp.swift; sourceTree = "<group>"; };
		3A3A224D2C858E5F007F6D83 /* ContentView.swift */ = {isa = PBXFileReference; lastKnownFileType = sourcecode.swift; path = ContentView.swift; sourceTree = "<group>"; };
		3A3A224F2C858E62007F6D83 /* Assets.xcassets */ = {isa = PBXFileReference; lastKnownFileType = folder.assetcatalog; path = Assets.xcassets; sourceTree = "<group>"; };
		3A3A22522C858E62007F6D83 /* Preview Assets.xcassets */ = {isa = PBXFileReference; lastKnownFileType = folder.assetcatalog; path = "Preview Assets.xcassets"; sourceTree = "<group>"; };
		3A3A225E2C858EEC007F6D83 /* README.md */ = {isa = PBXFileReference; lastKnownFileType = net.daringfireball.markdown; path = README.md; sourceTree = "<group>"; };
		3A3A22612C858F7C007F6D83 /* GoogleService-Info.plist */ = {isa = PBXFileReference; fileEncoding = 4; lastKnownFileType = text.plist.xml; path = "GoogleService-Info.plist"; sourceTree = "<group>"; };
		3A3A22932C858FF9007F6D83 /* AppDelegate.swift */ = {isa = PBXFileReference; lastKnownFileType = sourcecode.swift; path = AppDelegate.swift; sourceTree = "<group>"; };
		3A3A22952C859033007F6D83 /* LaunchScreen.storyboard */ = {isa = PBXFileReference; lastKnownFileType = file.storyboard; path = LaunchScreen.storyboard; sourceTree = "<group>"; };
		3A3A229D2C85B61B007F6D83 /* HomeViewModel.swift */ = {isa = PBXFileReference; lastKnownFileType = sourcecode.swift; path = HomeViewModel.swift; sourceTree = "<group>"; };
		3A3A229F2C85B625007F6D83 /* MemoListViewModel.swift */ = {isa = PBXFileReference; lastKnownFileType = sourcecode.swift; path = MemoListViewModel.swift; sourceTree = "<group>"; };
		3A3A22A12C85B631007F6D83 /* ProfileViewModel.swift */ = {isa = PBXFileReference; lastKnownFileType = sourcecode.swift; path = ProfileViewModel.swift; sourceTree = "<group>"; };
		3A3A22A32C85B63A007F6D83 /* SettingViewModel.swift */ = {isa = PBXFileReference; lastKnownFileType = sourcecode.swift; path = SettingViewModel.swift; sourceTree = "<group>"; };
		3A3A22A52C85B646007F6D83 /* TodoListViewModel.swift */ = {isa = PBXFileReference; lastKnownFileType = sourcecode.swift; path = TodoListViewModel.swift; sourceTree = "<group>"; };
		3A3A22A72C85B658007F6D83 /* TodoListView.swift */ = {isa = PBXFileReference; lastKnownFileType = sourcecode.swift; path = TodoListView.swift; sourceTree = "<group>"; };
		3A3A22A92C85B669007F6D83 /* MainTabView.swift */ = {isa = PBXFileReference; lastKnownFileType = sourcecode.swift; path = MainTabView.swift; sourceTree = "<group>"; };
		3A3A22AB2C85B6D0007F6D83 /* SettingView.swift */ = {isa = PBXFileReference; lastKnownFileType = sourcecode.swift; path = SettingView.swift; sourceTree = "<group>"; };
		3A3A22AD2C85B6D7007F6D83 /* ProfileView.swift */ = {isa = PBXFileReference; lastKnownFileType = sourcecode.swift; path = ProfileView.swift; sourceTree = "<group>"; };
		3A3A22AF2C85B6DE007F6D83 /* MemoListView.swift */ = {isa = PBXFileReference; lastKnownFileType = sourcecode.swift; path = MemoListView.swift; sourceTree = "<group>"; };
		3A3A22B12C85B6E7007F6D83 /* HomeView.swift */ = {isa = PBXFileReference; lastKnownFileType = sourcecode.swift; path = HomeView.swift; sourceTree = "<group>"; };
/* End PBXFileReference section */

/* Begin PBXFrameworksBuildPhase section */
		3A3A22452C858E5F007F6D83 /* Frameworks */ = {
			isa = PBXFrameworksBuildPhase;
			buildActionMask = 2147483647;
			files = (
				3A3A228F2C858FC4007F6D83 /* FirebaseStorageCombine-Community in Frameworks */,
				3A3A22872C858FC4007F6D83 /* FirebaseMessaging in Frameworks */,
				3A3A22852C858FC4007F6D83 /* FirebaseMLModelDownloader in Frameworks */,
				3A3A226B2C858FC4007F6D83 /* FirebaseAppCheck in Frameworks */,
				3A3A226F2C858FC4007F6D83 /* FirebaseAuth in Frameworks */,
				3A3A22652C858FC4007F6D83 /* FirebaseAnalytics in Frameworks */,
				3A3A226D2C858FC4007F6D83 /* FirebaseAppDistribution-Beta in Frameworks */,
				3A3A22692C858FC4007F6D83 /* FirebaseAnalyticsWithoutAdIdSupport in Frameworks */,
				3A3A22732C858FC4007F6D83 /* FirebaseCrashlytics in Frameworks */,
				3A3A22752C858FC4007F6D83 /* FirebaseDatabase in Frameworks */,
				3A3A227F2C858FC4007F6D83 /* FirebaseFunctionsCombine-Community in Frameworks */,
				3A3A22712C858FC4007F6D83 /* FirebaseAuthCombine-Community in Frameworks */,
				3A3A228D2C858FC4007F6D83 /* FirebaseStorage in Frameworks */,
				3A3A22672C858FC4007F6D83 /* FirebaseAnalyticsOnDeviceConversion in Frameworks */,
				3A3A227D2C858FC4007F6D83 /* FirebaseFunctions in Frameworks */,
				3A3A22832C858FC4007F6D83 /* FirebaseInstallations in Frameworks */,
				3A3A22892C858FC4007F6D83 /* FirebasePerformance in Frameworks */,
				3A3A227B2C858FC4007F6D83 /* FirebaseFirestoreCombine-Community in Frameworks */,
				3A3A22792C858FC4007F6D83 /* FirebaseFirestore in Frameworks */,
				3A3A22772C858FC4007F6D83 /* FirebaseDynamicLinks in Frameworks */,
				3A3A22812C858FC4007F6D83 /* FirebaseInAppMessaging-Beta in Frameworks */,
				3A3A22912C858FC4007F6D83 /* FirebaseVertexAI-Preview in Frameworks */,
				3A3A228B2C858FC4007F6D83 /* FirebaseRemoteConfig in Frameworks */,
			);
			runOnlyForDeploymentPostprocessing = 0;
		};
/* End PBXFrameworksBuildPhase section */

/* Begin PBXGroup section */
		3A3A223F2C858E5F007F6D83 = {
			isa = PBXGroup;
			children = (
				3A3A225E2C858EEC007F6D83 /* README.md */,
				3A3A224A2C858E5F007F6D83 /* TaskEditor */,
				3A3A22492C858E5F007F6D83 /* Products */,
			);
			sourceTree = "<group>";
		};
		3A3A22492C858E5F007F6D83 /* Products */ = {
			isa = PBXGroup;
			children = (
				3A3A22482C858E5F007F6D83 /* TaskEditor.app */,
			);
			name = Products;
			sourceTree = "<group>";
		};
		3A3A224A2C858E5F007F6D83 /* TaskEditor */ = {
			isa = PBXGroup;
			children = (
				3A3A225D2C858EAE007F6D83 /* App */,
				3A3A225C2C858EAD007F6D83 /* Core */,
				3A3A225B2C858EAC007F6D83 /* Component */,
				3A3A225A2C858EAB007F6D83 /* Feature */,
				3A3A22592C858EA3007F6D83 /* Model */,
				3A3A224F2C858E62007F6D83 /* Assets.xcassets */,
				3A3A22512C858E62007F6D83 /* Preview Content */,
			);
			path = TaskEditor;
			sourceTree = "<group>";
		};
		3A3A22512C858E62007F6D83 /* Preview Content */ = {
			isa = PBXGroup;
			children = (
				3A3A22522C858E62007F6D83 /* Preview Assets.xcassets */,
			);
			path = "Preview Content";
			sourceTree = "<group>";
		};
		3A3A22592C858EA3007F6D83 /* Model */ = {
			isa = PBXGroup;
			children = (
			);
			path = Model;
			sourceTree = "<group>";
		};
		3A3A225A2C858EAB007F6D83 /* Feature */ = {
			isa = PBXGroup;
			children = (
				3A3A224D2C858E5F007F6D83 /* ContentView.swift */,
				3A3A229B2C85B5E6007F6D83 /* Home */,
				3A3A22992C85B5E4007F6D83 /* MemoList */,
				3A3A22972C85B5E2007F6D83 /* Profile */,
				3A3A22982C85B5E3007F6D83 /* Setting */,
				3A3A229C2C85B5E7007F6D83 /* Tab */,
				3A3A229A2C85B5E5007F6D83 /* TodoList */,
			);
			path = Feature;
			sourceTree = "<group>";
		};
		3A3A225B2C858EAC007F6D83 /* Component */ = {
			isa = PBXGroup;
			children = (
			);
			path = Component;
			sourceTree = "<group>";
		};
		3A3A225C2C858EAD007F6D83 /* Core */ = {
			isa = PBXGroup;
			children = (
				3A3A22602C858F6E007F6D83 /* Extension */,
				3A3A225F2C858F6D007F6D83 /* Service */,
			);
			path = Core;
			sourceTree = "<group>";
		};
		3A3A225D2C858EAE007F6D83 /* App */ = {
			isa = PBXGroup;
			children = (
				3A3A224B2C858E5F007F6D83 /* TaskEditorApp.swift */,
				3A3A22932C858FF9007F6D83 /* AppDelegate.swift */,
				3A3A22952C859033007F6D83 /* LaunchScreen.storyboard */,
			);
			path = App;
			sourceTree = "<group>";
		};
		3A3A225F2C858F6D007F6D83 /* Service */ = {
			isa = PBXGroup;
			children = (
				3A3A22612C858F7C007F6D83 /* GoogleService-Info.plist */,
			);
			path = Service;
			sourceTree = "<group>";
		};
		3A3A22602C858F6E007F6D83 /* Extension */ = {
			isa = PBXGroup;
			children = (
			);
			path = Extension;
			sourceTree = "<group>";
		};
		3A3A22972C85B5E2007F6D83 /* Profile */ = {
			isa = PBXGroup;
			children = (
				3A3A22A12C85B631007F6D83 /* ProfileViewModel.swift */,
				3A3A22AD2C85B6D7007F6D83 /* ProfileView.swift */,
			);
			path = Profile;
			sourceTree = "<group>";
		};
		3A3A22982C85B5E3007F6D83 /* Setting */ = {
			isa = PBXGroup;
			children = (
				3A3A22A32C85B63A007F6D83 /* SettingViewModel.swift */,
				3A3A22AB2C85B6D0007F6D83 /* SettingView.swift */,
			);
			path = Setting;
			sourceTree = "<group>";
		};
		3A3A22992C85B5E4007F6D83 /* MemoList */ = {
			isa = PBXGroup;
			children = (
				3A3A229F2C85B625007F6D83 /* MemoListViewModel.swift */,
				3A3A22AF2C85B6DE007F6D83 /* MemoListView.swift */,
			);
			path = MemoList;
			sourceTree = "<group>";
		};
		3A3A229A2C85B5E5007F6D83 /* TodoList */ = {
			isa = PBXGroup;
			children = (
				3A3A22A52C85B646007F6D83 /* TodoListViewModel.swift */,
				3A3A22A72C85B658007F6D83 /* TodoListView.swift */,
			);
			name = TodoList;
			sourceTree = "<group>";
		};
		3A3A229B2C85B5E6007F6D83 /* Home */ = {
			isa = PBXGroup;
			children = (
				3A3A229D2C85B61B007F6D83 /* HomeViewModel.swift */,
				3A3A22B12C85B6E7007F6D83 /* HomeView.swift */,
			);
			path = Home;
			sourceTree = "<group>";
		};
		3A3A229C2C85B5E7007F6D83 /* Tab */ = {
			isa = PBXGroup;
			children = (
				3A3A22A92C85B669007F6D83 /* MainTabView.swift */,
			);
			path = Tab;
			sourceTree = "<group>";
		};
/* End PBXGroup section */

/* Begin PBXNativeTarget section */
		3A3A22472C858E5F007F6D83 /* TaskEditor */ = {
			isa = PBXNativeTarget;
			buildConfigurationList = 3A3A22562C858E62007F6D83 /* Build configuration list for PBXNativeTarget "TaskEditor" */;
			buildPhases = (
				3A3A22442C858E5F007F6D83 /* Sources */,
				3A3A22452C858E5F007F6D83 /* Frameworks */,
				3A3A22462C858E5F007F6D83 /* Resources */,
			);
			buildRules = (
			);
			dependencies = (
			);
			name = TaskEditor;
			packageProductDependencies = (
				3A3A22642C858FC4007F6D83 /* FirebaseAnalytics */,
				3A3A22662C858FC4007F6D83 /* FirebaseAnalyticsOnDeviceConversion */,
				3A3A22682C858FC4007F6D83 /* FirebaseAnalyticsWithoutAdIdSupport */,
				3A3A226A2C858FC4007F6D83 /* FirebaseAppCheck */,
				3A3A226C2C858FC4007F6D83 /* FirebaseAppDistribution-Beta */,
				3A3A226E2C858FC4007F6D83 /* FirebaseAuth */,
				3A3A22702C858FC4007F6D83 /* FirebaseAuthCombine-Community */,
				3A3A22722C858FC4007F6D83 /* FirebaseCrashlytics */,
				3A3A22742C858FC4007F6D83 /* FirebaseDatabase */,
				3A3A22762C858FC4007F6D83 /* FirebaseDynamicLinks */,
				3A3A22782C858FC4007F6D83 /* FirebaseFirestore */,
				3A3A227A2C858FC4007F6D83 /* FirebaseFirestoreCombine-Community */,
				3A3A227C2C858FC4007F6D83 /* FirebaseFunctions */,
				3A3A227E2C858FC4007F6D83 /* FirebaseFunctionsCombine-Community */,
				3A3A22802C858FC4007F6D83 /* FirebaseInAppMessaging-Beta */,
				3A3A22822C858FC4007F6D83 /* FirebaseInstallations */,
				3A3A22842C858FC4007F6D83 /* FirebaseMLModelDownloader */,
				3A3A22862C858FC4007F6D83 /* FirebaseMessaging */,
				3A3A22882C858FC4007F6D83 /* FirebasePerformance */,
				3A3A228A2C858FC4007F6D83 /* FirebaseRemoteConfig */,
				3A3A228C2C858FC4007F6D83 /* FirebaseStorage */,
				3A3A228E2C858FC4007F6D83 /* FirebaseStorageCombine-Community */,
				3A3A22902C858FC4007F6D83 /* FirebaseVertexAI-Preview */,
			);
			productName = TaskEditor;
			productReference = 3A3A22482C858E5F007F6D83 /* TaskEditor.app */;
			productType = "com.apple.product-type.application";
		};
/* End PBXNativeTarget section */

/* Begin PBXProject section */
		3A3A22402C858E5F007F6D83 /* Project object */ = {
			isa = PBXProject;
			attributes = {
				BuildIndependentTargetsInParallel = 1;
				LastSwiftUpdateCheck = 1540;
				LastUpgradeCheck = 1540;
				TargetAttributes = {
					3A3A22472C858E5F007F6D83 = {
						CreatedOnToolsVersion = 15.4;
					};
				};
			};
			buildConfigurationList = 3A3A22432C858E5F007F6D83 /* Build configuration list for PBXProject "TaskEditor" */;
			compatibilityVersion = "Xcode 14.0";
			developmentRegion = en;
			hasScannedForEncodings = 0;
			knownRegions = (
				en,
				Base,
			);
			mainGroup = 3A3A223F2C858E5F007F6D83;
			packageReferences = (
				3A3A22632C858FC4007F6D83 /* XCRemoteSwiftPackageReference "firebase-ios-sdk" */,
			);
			productRefGroup = 3A3A22492C858E5F007F6D83 /* Products */;
			projectDirPath = "";
			projectRoot = "";
			targets = (
				3A3A22472C858E5F007F6D83 /* TaskEditor */,
			);
		};
/* End PBXProject section */

/* Begin PBXResourcesBuildPhase section */
		3A3A22462C858E5F007F6D83 /* Resources */ = {
			isa = PBXResourcesBuildPhase;
			buildActionMask = 2147483647;
			files = (
				3A3A22532C858E62007F6D83 /* Preview Assets.xcassets in Resources */,
				3A3A22962C859033007F6D83 /* LaunchScreen.storyboard in Resources */,
				3A3A22502C858E62007F6D83 /* Assets.xcassets in Resources */,
				3A3A22622C858F7C007F6D83 /* GoogleService-Info.plist in Resources */,
			);
			runOnlyForDeploymentPostprocessing = 0;
		};
/* End PBXResourcesBuildPhase section */

/* Begin PBXSourcesBuildPhase section */
		3A3A22442C858E5F007F6D83 /* Sources */ = {
			isa = PBXSourcesBuildPhase;
			buildActionMask = 2147483647;
			files = (
				3A3A22A62C85B646007F6D83 /* TodoListViewModel.swift in Sources */,
				3A3A22B22C85B6E7007F6D83 /* HomeView.swift in Sources */,
				3A3A22A22C85B631007F6D83 /* ProfileViewModel.swift in Sources */,
				3A3A22A42C85B63B007F6D83 /* SettingViewModel.swift in Sources */,
				3A3A22B02C85B6DE007F6D83 /* MemoListView.swift in Sources */,
				3A3A22942C858FF9007F6D83 /* AppDelegate.swift in Sources */,
				3A3A22AE2C85B6D7007F6D83 /* ProfileView.swift in Sources */,
				3A3A22A02C85B625007F6D83 /* MemoListViewModel.swift in Sources */,
				3A3A22A82C85B658007F6D83 /* TodoListView.swift in Sources */,
				3A3A224E2C858E5F007F6D83 /* ContentView.swift in Sources */,
				3A3A224C2C858E5F007F6D83 /* TaskEditorApp.swift in Sources */,
				3A3A229E2C85B61C007F6D83 /* HomeViewModel.swift in Sources */,
				3A3A22AA2C85B669007F6D83 /* MainTabView.swift in Sources */,
				3A3A22AC2C85B6D0007F6D83 /* SettingView.swift in Sources */,
			);
			runOnlyForDeploymentPostprocessing = 0;
		};
/* End PBXSourcesBuildPhase section */

/* Begin XCBuildConfiguration section */
		3A3A22542C858E62007F6D83 /* Debug */ = {
			isa = XCBuildConfiguration;
			buildSettings = {
				ALWAYS_SEARCH_USER_PATHS = NO;
				ASSETCATALOG_COMPILER_GENERATE_SWIFT_ASSET_SYMBOL_EXTENSIONS = YES;
				CLANG_ANALYZER_NONNULL = YES;
				CLANG_ANALYZER_NUMBER_OBJECT_CONVERSION = YES_AGGRESSIVE;
				CLANG_CXX_LANGUAGE_STANDARD = "gnu++20";
				CLANG_ENABLE_MODULES = YES;
				CLANG_ENABLE_OBJC_ARC = YES;
				CLANG_ENABLE_OBJC_WEAK = YES;
				CLANG_WARN_BLOCK_CAPTURE_AUTORELEASING = YES;
				CLANG_WARN_BOOL_CONVERSION = YES;
				CLANG_WARN_COMMA = YES;
				CLANG_WARN_CONSTANT_CONVERSION = YES;
				CLANG_WARN_DEPRECATED_OBJC_IMPLEMENTATIONS = YES;
				CLANG_WARN_DIRECT_OBJC_ISA_USAGE = YES_ERROR;
				CLANG_WARN_DOCUMENTATION_COMMENTS = YES;
				CLANG_WARN_EMPTY_BODY = YES;
				CLANG_WARN_ENUM_CONVERSION = YES;
				CLANG_WARN_INFINITE_RECURSION = YES;
				CLANG_WARN_INT_CONVERSION = YES;
				CLANG_WARN_NON_LITERAL_NULL_CONVERSION = YES;
				CLANG_WARN_OBJC_IMPLICIT_RETAIN_SELF = YES;
				CLANG_WARN_OBJC_LITERAL_CONVERSION = YES;
				CLANG_WARN_OBJC_ROOT_CLASS = YES_ERROR;
				CLANG_WARN_QUOTED_INCLUDE_IN_FRAMEWORK_HEADER = YES;
				CLANG_WARN_RANGE_LOOP_ANALYSIS = YES;
				CLANG_WARN_STRICT_PROTOTYPES = YES;
				CLANG_WARN_SUSPICIOUS_MOVE = YES;
				CLANG_WARN_UNGUARDED_AVAILABILITY = YES_AGGRESSIVE;
				CLANG_WARN_UNREACHABLE_CODE = YES;
				CLANG_WARN__DUPLICATE_METHOD_MATCH = YES;
				COPY_PHASE_STRIP = NO;
				DEBUG_INFORMATION_FORMAT = dwarf;
				ENABLE_STRICT_OBJC_MSGSEND = YES;
				ENABLE_TESTABILITY = YES;
				ENABLE_USER_SCRIPT_SANDBOXING = YES;
				GCC_C_LANGUAGE_STANDARD = gnu17;
				GCC_DYNAMIC_NO_PIC = NO;
				GCC_NO_COMMON_BLOCKS = YES;
				GCC_OPTIMIZATION_LEVEL = 0;
				GCC_PREPROCESSOR_DEFINITIONS = (
					"DEBUG=1",
					"$(inherited)",
				);
				GCC_WARN_64_TO_32_BIT_CONVERSION = YES;
				GCC_WARN_ABOUT_RETURN_TYPE = YES_ERROR;
				GCC_WARN_UNDECLARED_SELECTOR = YES;
				GCC_WARN_UNINITIALIZED_AUTOS = YES_AGGRESSIVE;
				GCC_WARN_UNUSED_FUNCTION = YES;
				GCC_WARN_UNUSED_VARIABLE = YES;
				IPHONEOS_DEPLOYMENT_TARGET = 17.5;
				LOCALIZATION_PREFERS_STRING_CATALOGS = YES;
				MTL_ENABLE_DEBUG_INFO = INCLUDE_SOURCE;
				MTL_FAST_MATH = YES;
				ONLY_ACTIVE_ARCH = YES;
				SDKROOT = iphoneos;
				SWIFT_ACTIVE_COMPILATION_CONDITIONS = "DEBUG $(inherited)";
				SWIFT_OPTIMIZATION_LEVEL = "-Onone";
			};
			name = Debug;
		};
		3A3A22552C858E62007F6D83 /* Release */ = {
			isa = XCBuildConfiguration;
			buildSettings = {
				ALWAYS_SEARCH_USER_PATHS = NO;
				ASSETCATALOG_COMPILER_GENERATE_SWIFT_ASSET_SYMBOL_EXTENSIONS = YES;
				CLANG_ANALYZER_NONNULL = YES;
				CLANG_ANALYZER_NUMBER_OBJECT_CONVERSION = YES_AGGRESSIVE;
				CLANG_CXX_LANGUAGE_STANDARD = "gnu++20";
				CLANG_ENABLE_MODULES = YES;
				CLANG_ENABLE_OBJC_ARC = YES;
				CLANG_ENABLE_OBJC_WEAK = YES;
				CLANG_WARN_BLOCK_CAPTURE_AUTORELEASING = YES;
				CLANG_WARN_BOOL_CONVERSION = YES;
				CLANG_WARN_COMMA = YES;
				CLANG_WARN_CONSTANT_CONVERSION = YES;
				CLANG_WARN_DEPRECATED_OBJC_IMPLEMENTATIONS = YES;
				CLANG_WARN_DIRECT_OBJC_ISA_USAGE = YES_ERROR;
				CLANG_WARN_DOCUMENTATION_COMMENTS = YES;
				CLANG_WARN_EMPTY_BODY = YES;
				CLANG_WARN_ENUM_CONVERSION = YES;
				CLANG_WARN_INFINITE_RECURSION = YES;
				CLANG_WARN_INT_CONVERSION = YES;
				CLANG_WARN_NON_LITERAL_NULL_CONVERSION = YES;
				CLANG_WARN_OBJC_IMPLICIT_RETAIN_SELF = YES;
				CLANG_WARN_OBJC_LITERAL_CONVERSION = YES;
				CLANG_WARN_OBJC_ROOT_CLASS = YES_ERROR;
				CLANG_WARN_QUOTED_INCLUDE_IN_FRAMEWORK_HEADER = YES;
				CLANG_WARN_RANGE_LOOP_ANALYSIS = YES;
				CLANG_WARN_STRICT_PROTOTYPES = YES;
				CLANG_WARN_SUSPICIOUS_MOVE = YES;
				CLANG_WARN_UNGUARDED_AVAILABILITY = YES_AGGRESSIVE;
				CLANG_WARN_UNREACHABLE_CODE = YES;
				CLANG_WARN__DUPLICATE_METHOD_MATCH = YES;
				COPY_PHASE_STRIP = NO;
				DEBUG_INFORMATION_FORMAT = "dwarf-with-dsym";
				ENABLE_NS_ASSERTIONS = NO;
				ENABLE_STRICT_OBJC_MSGSEND = YES;
				ENABLE_USER_SCRIPT_SANDBOXING = YES;
				GCC_C_LANGUAGE_STANDARD = gnu17;
				GCC_NO_COMMON_BLOCKS = YES;
				GCC_WARN_64_TO_32_BIT_CONVERSION = YES;
				GCC_WARN_ABOUT_RETURN_TYPE = YES_ERROR;
				GCC_WARN_UNDECLARED_SELECTOR = YES;
				GCC_WARN_UNINITIALIZED_AUTOS = YES_AGGRESSIVE;
				GCC_WARN_UNUSED_FUNCTION = YES;
				GCC_WARN_UNUSED_VARIABLE = YES;
				IPHONEOS_DEPLOYMENT_TARGET = 17.5;
				LOCALIZATION_PREFERS_STRING_CATALOGS = YES;
				MTL_ENABLE_DEBUG_INFO = NO;
				MTL_FAST_MATH = YES;
				SDKROOT = iphoneos;
				SWIFT_COMPILATION_MODE = wholemodule;
				VALIDATE_PRODUCT = YES;
			};
			name = Release;
		};
		3A3A22572C858E62007F6D83 /* Debug */ = {
			isa = XCBuildConfiguration;
			buildSettings = {
				ASSETCATALOG_COMPILER_APPICON_NAME = AppIcon;
				ASSETCATALOG_COMPILER_GLOBAL_ACCENT_COLOR_NAME = AccentColor;
				CODE_SIGN_STYLE = Automatic;
				CURRENT_PROJECT_VERSION = 1;
				DEVELOPMENT_ASSET_PATHS = "\"TaskEditor/Preview Content\"";
				DEVELOPMENT_TEAM = D3AGUG8XDN;
				ENABLE_PREVIEWS = YES;
				GENERATE_INFOPLIST_FILE = YES;
				INFOPLIST_KEY_UIApplicationSceneManifest_Generation = YES;
				INFOPLIST_KEY_UIApplicationSupportsIndirectInputEvents = YES;
				INFOPLIST_KEY_UILaunchScreen_Generation = YES;
				INFOPLIST_KEY_UILaunchStoryboardName = LaunchScreen.storyboard;
				INFOPLIST_KEY_UISupportedInterfaceOrientations_iPad = "UIInterfaceOrientationPortrait UIInterfaceOrientationPortraitUpsideDown UIInterfaceOrientationLandscapeLeft UIInterfaceOrientationLandscapeRight";
				INFOPLIST_KEY_UISupportedInterfaceOrientations_iPhone = "UIInterfaceOrientationPortrait UIInterfaceOrientationLandscapeLeft UIInterfaceOrientationLandscapeRight";
				LD_RUNPATH_SEARCH_PATHS = (
					"$(inherited)",
					"@executable_path/Frameworks",
				);
				MARKETING_VERSION = 1.0;
				PRODUCT_BUNDLE_IDENTIFIER = com.vxdeveloper.TaskEditor;
				PRODUCT_NAME = "$(TARGET_NAME)";
				SWIFT_EMIT_LOC_STRINGS = YES;
				SWIFT_VERSION = 5.0;
				TARGETED_DEVICE_FAMILY = "1,2";
			};
			name = Debug;
		};
		3A3A22582C858E62007F6D83 /* Release */ = {
			isa = XCBuildConfiguration;
			buildSettings = {
				ASSETCATALOG_COMPILER_APPICON_NAME = AppIcon;
				ASSETCATALOG_COMPILER_GLOBAL_ACCENT_COLOR_NAME = AccentColor;
				CODE_SIGN_STYLE = Automatic;
				CURRENT_PROJECT_VERSION = 1;
				DEVELOPMENT_ASSET_PATHS = "\"TaskEditor/Preview Content\"";
				DEVELOPMENT_TEAM = D3AGUG8XDN;
				ENABLE_PREVIEWS = YES;
				GENERATE_INFOPLIST_FILE = YES;
				INFOPLIST_KEY_UIApplicationSceneManifest_Generation = YES;
				INFOPLIST_KEY_UIApplicationSupportsIndirectInputEvents = YES;
				INFOPLIST_KEY_UILaunchScreen_Generation = YES;
				INFOPLIST_KEY_UILaunchStoryboardName = LaunchScreen.storyboard;
				INFOPLIST_KEY_UISupportedInterfaceOrientations_iPad = "UIInterfaceOrientationPortrait UIInterfaceOrientationPortraitUpsideDown UIInterfaceOrientationLandscapeLeft UIInterfaceOrientationLandscapeRight";
				INFOPLIST_KEY_UISupportedInterfaceOrientations_iPhone = "UIInterfaceOrientationPortrait UIInterfaceOrientationLandscapeLeft UIInterfaceOrientationLandscapeRight";
				LD_RUNPATH_SEARCH_PATHS = (
					"$(inherited)",
					"@executable_path/Frameworks",
				);
				MARKETING_VERSION = 1.0;
				PRODUCT_BUNDLE_IDENTIFIER = com.vxdeveloper.TaskEditor;
				PRODUCT_NAME = "$(TARGET_NAME)";
				SWIFT_EMIT_LOC_STRINGS = YES;
				SWIFT_VERSION = 5.0;
				TARGETED_DEVICE_FAMILY = "1,2";
			};
			name = Release;
		};
/* End XCBuildConfiguration section */

/* Begin XCConfigurationList section */
		3A3A22432C858E5F007F6D83 /* Build configuration list for PBXProject "TaskEditor" */ = {
			isa = XCConfigurationList;
			buildConfigurations = (
				3A3A22542C858E62007F6D83 /* Debug */,
				3A3A22552C858E62007F6D83 /* Release */,
			);
			defaultConfigurationIsVisible = 0;
			defaultConfigurationName = Release;
		};
		3A3A22562C858E62007F6D83 /* Build configuration list for PBXNativeTarget "TaskEditor" */ = {
			isa = XCConfigurationList;
			buildConfigurations = (
				3A3A22572C858E62007F6D83 /* Debug */,
				3A3A22582C858E62007F6D83 /* Release */,
			);
			defaultConfigurationIsVisible = 0;
			defaultConfigurationName = Release;
		};
/* End XCConfigurationList section */

/* Begin XCRemoteSwiftPackageReference section */
		3A3A22632C858FC4007F6D83 /* XCRemoteSwiftPackageReference "firebase-ios-sdk" */ = {
			isa = XCRemoteSwiftPackageReference;
			repositoryURL = "https://github.com/firebase/firebase-ios-sdk";
			requirement = {
				kind = upToNextMajorVersion;
				minimumVersion = 11.1.0;
			};
		};
/* End XCRemoteSwiftPackageReference section */

/* Begin XCSwiftPackageProductDependency section */
		3A3A22642C858FC4007F6D83 /* FirebaseAnalytics */ = {
			isa = XCSwiftPackageProductDependency;
			package = 3A3A22632C858FC4007F6D83 /* XCRemoteSwiftPackageReference "firebase-ios-sdk" */;
			productName = FirebaseAnalytics;
		};
		3A3A22662C858FC4007F6D83 /* FirebaseAnalyticsOnDeviceConversion */ = {
			isa = XCSwiftPackageProductDependency;
			package = 3A3A22632C858FC4007F6D83 /* XCRemoteSwiftPackageReference "firebase-ios-sdk" */;
			productName = FirebaseAnalyticsOnDeviceConversion;
		};
		3A3A22682C858FC4007F6D83 /* FirebaseAnalyticsWithoutAdIdSupport */ = {
			isa = XCSwiftPackageProductDependency;
			package = 3A3A22632C858FC4007F6D83 /* XCRemoteSwiftPackageReference "firebase-ios-sdk" */;
			productName = FirebaseAnalyticsWithoutAdIdSupport;
		};
		3A3A226A2C858FC4007F6D83 /* FirebaseAppCheck */ = {
			isa = XCSwiftPackageProductDependency;
			package = 3A3A22632C858FC4007F6D83 /* XCRemoteSwiftPackageReference "firebase-ios-sdk" */;
			productName = FirebaseAppCheck;
		};
		3A3A226C2C858FC4007F6D83 /* FirebaseAppDistribution-Beta */ = {
			isa = XCSwiftPackageProductDependency;
			package = 3A3A22632C858FC4007F6D83 /* XCRemoteSwiftPackageReference "firebase-ios-sdk" */;
			productName = "FirebaseAppDistribution-Beta";
		};
		3A3A226E2C858FC4007F6D83 /* FirebaseAuth */ = {
			isa = XCSwiftPackageProductDependency;
			package = 3A3A22632C858FC4007F6D83 /* XCRemoteSwiftPackageReference "firebase-ios-sdk" */;
			productName = FirebaseAuth;
		};
		3A3A22702C858FC4007F6D83 /* FirebaseAuthCombine-Community */ = {
			isa = XCSwiftPackageProductDependency;
			package = 3A3A22632C858FC4007F6D83 /* XCRemoteSwiftPackageReference "firebase-ios-sdk" */;
			productName = "FirebaseAuthCombine-Community";
		};
		3A3A22722C858FC4007F6D83 /* FirebaseCrashlytics */ = {
			isa = XCSwiftPackageProductDependency;
			package = 3A3A22632C858FC4007F6D83 /* XCRemoteSwiftPackageReference "firebase-ios-sdk" */;
			productName = FirebaseCrashlytics;
		};
		3A3A22742C858FC4007F6D83 /* FirebaseDatabase */ = {
			isa = XCSwiftPackageProductDependency;
			package = 3A3A22632C858FC4007F6D83 /* XCRemoteSwiftPackageReference "firebase-ios-sdk" */;
			productName = FirebaseDatabase;
		};
		3A3A22762C858FC4007F6D83 /* FirebaseDynamicLinks */ = {
			isa = XCSwiftPackageProductDependency;
			package = 3A3A22632C858FC4007F6D83 /* XCRemoteSwiftPackageReference "firebase-ios-sdk" */;
			productName = FirebaseDynamicLinks;
		};
		3A3A22782C858FC4007F6D83 /* FirebaseFirestore */ = {
			isa = XCSwiftPackageProductDependency;
			package = 3A3A22632C858FC4007F6D83 /* XCRemoteSwiftPackageReference "firebase-ios-sdk" */;
			productName = FirebaseFirestore;
		};
		3A3A227A2C858FC4007F6D83 /* FirebaseFirestoreCombine-Community */ = {
			isa = XCSwiftPackageProductDependency;
			package = 3A3A22632C858FC4007F6D83 /* XCRemoteSwiftPackageReference "firebase-ios-sdk" */;
			productName = "FirebaseFirestoreCombine-Community";
		};
		3A3A227C2C858FC4007F6D83 /* FirebaseFunctions */ = {
			isa = XCSwiftPackageProductDependency;
			package = 3A3A22632C858FC4007F6D83 /* XCRemoteSwiftPackageReference "firebase-ios-sdk" */;
			productName = FirebaseFunctions;
		};
		3A3A227E2C858FC4007F6D83 /* FirebaseFunctionsCombine-Community */ = {
			isa = XCSwiftPackageProductDependency;
			package = 3A3A22632C858FC4007F6D83 /* XCRemoteSwiftPackageReference "firebase-ios-sdk" */;
			productName = "FirebaseFunctionsCombine-Community";
		};
		3A3A22802C858FC4007F6D83 /* FirebaseInAppMessaging-Beta */ = {
			isa = XCSwiftPackageProductDependency;
			package = 3A3A22632C858FC4007F6D83 /* XCRemoteSwiftPackageReference "firebase-ios-sdk" */;
			productName = "FirebaseInAppMessaging-Beta";
		};
		3A3A22822C858FC4007F6D83 /* FirebaseInstallations */ = {
			isa = XCSwiftPackageProductDependency;
			package = 3A3A22632C858FC4007F6D83 /* XCRemoteSwiftPackageReference "firebase-ios-sdk" */;
			productName = FirebaseInstallations;
		};
		3A3A22842C858FC4007F6D83 /* FirebaseMLModelDownloader */ = {
			isa = XCSwiftPackageProductDependency;
			package = 3A3A22632C858FC4007F6D83 /* XCRemoteSwiftPackageReference "firebase-ios-sdk" */;
			productName = FirebaseMLModelDownloader;
		};
		3A3A22862C858FC4007F6D83 /* FirebaseMessaging */ = {
			isa = XCSwiftPackageProductDependency;
			package = 3A3A22632C858FC4007F6D83 /* XCRemoteSwiftPackageReference "firebase-ios-sdk" */;
			productName = FirebaseMessaging;
		};
		3A3A22882C858FC4007F6D83 /* FirebasePerformance */ = {
			isa = XCSwiftPackageProductDependency;
			package = 3A3A22632C858FC4007F6D83 /* XCRemoteSwiftPackageReference "firebase-ios-sdk" */;
			productName = FirebasePerformance;
		};
		3A3A228A2C858FC4007F6D83 /* FirebaseRemoteConfig */ = {
			isa = XCSwiftPackageProductDependency;
			package = 3A3A22632C858FC4007F6D83 /* XCRemoteSwiftPackageReference "firebase-ios-sdk" */;
			productName = FirebaseRemoteConfig;
		};
		3A3A228C2C858FC4007F6D83 /* FirebaseStorage */ = {
			isa = XCSwiftPackageProductDependency;
			package = 3A3A22632C858FC4007F6D83 /* XCRemoteSwiftPackageReference "firebase-ios-sdk" */;
			productName = FirebaseStorage;
		};
		3A3A228E2C858FC4007F6D83 /* FirebaseStorageCombine-Community */ = {
			isa = XCSwiftPackageProductDependency;
			package = 3A3A22632C858FC4007F6D83 /* XCRemoteSwiftPackageReference "firebase-ios-sdk" */;
			productName = "FirebaseStorageCombine-Community";
		};
		3A3A22902C858FC4007F6D83 /* FirebaseVertexAI-Preview */ = {
			isa = XCSwiftPackageProductDependency;
			package = 3A3A22632C858FC4007F6D83 /* XCRemoteSwiftPackageReference "firebase-ios-sdk" */;
			productName = "FirebaseVertexAI-Preview";
		};
/* End XCSwiftPackageProductDependency section */
	};
	rootObject = 3A3A22402C858E5F007F6D83 /* Project object */;
}
